{
  "requires": true,
  "lockfileVersion": 1,
  "dependencies": {
    "moment": {
      "version": "2.22.2",
      "resolved": "https://registry.npmjs.org/moment/-/moment-2.22.2.tgz",
      "integrity": "sha1-PCV/mDn8DpP/UxSWMiOeuQeD/2Y="
    },
    "vant-weapp": {
      "version": "0.3.3",
      "resolved": "https://registry.npmjs.org/vant-weapp/-/vant-weapp-0.3.3.tgz",
      "integrity": "sha512-t4v3xgBMVsZfp2tOxZ/QZ0QP2C3NsapxMx7F6aYXce5q3my2kgAH1NhUOrWAPC+TXHN7/d9wXAhcauVkjMgGqg=="
    }
  }
}
